// !$*UTF8*$!
{
	archiveVersion = 1;
	classes = {
	};
	objectVersion = 47;
	objects = {

/* Begin PBXBuildFile section */
		1D3623EC0D0F72F000981E51 /* CoreGraphics.framework in Frameworks */ = {isa = PBXBuildFile; fileRef = 1D3623EB0D0F72F000981E51 /* CoreGraphics.framework */; };
		1D60589F0D05DD5A006BFB54 /* Foundation.framework in Frameworks */ = {isa = PBXBuildFile; fileRef = 1D30AB110D05D00D00671497 /* Foundation.framework */; };
		1DF5F4E00D08C38300B7A737 /* UIKit.framework in Frameworks */ = {isa = PBXBuildFile; fileRef = 1DF5F4DF0D08C38300B7A737 /* UIKit.framework */; };
		2B40B59418873E0600F4A921 /* Default-568h@2x.png in Resources */ = {isa = PBXBuildFile; fileRef = 2B40B59318873E0600F4A921 /* Default-568h@2x.png */; };
		2B71304718EB80A800DA9374 /* AVFoundation.framework in Frameworks */ = {isa = PBXBuildFile; fileRef = 2B71304618EB80A800DA9374 /* AVFoundation.framework */; };
		2B86B2B218F35C2300347397 /* MainWindow.xib in Resources */ = {isa = PBXBuildFile; fileRef = 2B86B2B018F35C2300347397 /* MainWindow.xib */; };
		8250CD57145B602D00806437 /* Accelerate.framework in Frameworks */ = {isa = PBXBuildFile; fileRef = 8250CD56145B602D00806437 /* Accelerate.framework */; };
		A15CFB1D0DE4A8C600FB5D08 /* icon.png in Resources */ = {isa = PBXBuildFile; fileRef = A15CFB1C0DE4A8C600FB5D08 /* icon.png */; };
		A16C47120DE37F9E00F4A0B3 /* OpenGLES.framework in Frameworks */ = {isa = PBXBuildFile; fileRef = A16C47110DE37F9E00F4A0B3 /* OpenGLES.framework */; };
		A16C473F0DE3801700F4A0B3 /* QuartzCore.framework in Frameworks */ = {isa = PBXBuildFile; fileRef = A16C473E0DE3801700F4A0B3 /* QuartzCore.framework */; };
		A16C48360DE389CB00F4A0B3 /* oscilloscope.png in Resources */ = {isa = PBXBuildFile; fileRef = A16C48350DE389CB00F4A0B3 /* oscilloscope.png */; };
		D78F4AE81D60BE7000012A69 /* GenericArithmetic.swift in Sources */ = {isa = PBXBuildFile; fileRef = D78F4AE51D60BE7000012A69 /* GenericArithmetic.swift */; };
		D78F4AE91D60BE7000012A69 /* NumTypes+Conversion.swift in Sources */ = {isa = PBXBuildFile; fileRef = D78F4AE61D60BE7000012A69 /* NumTypes+Conversion.swift */; };
		D78F4AEA1D60BE7000012A69 /* OOPExceptions.swift in Sources */ = {isa = PBXBuildFile; fileRef = D78F4AE71D60BE7000012A69 /* OOPExceptions.swift */; };
		D78F4AEF1D60BEAF00012A69 /* CABitOperations.swift in Sources */ = {isa = PBXBuildFile; fileRef = D78F4AEB1D60BEAF00012A69 /* CABitOperations.swift */; };
		D78F4AF01D60BEAF00012A69 /* CADebugMacros.swift in Sources */ = {isa = PBXBuildFile; fileRef = D78F4AEC1D60BEAF00012A69 /* CADebugMacros.swift */; };
		D78F4AF11D60BEAF00012A69 /* CAStreamBasicDescription.swift in Sources */ = {isa = PBXBuildFile; fileRef = D78F4AED1D60BEAF00012A69 /* CAStreamBasicDescription.swift */; };
		D78F4AF21D60BEAF00012A69 /* CAXException.swift in Sources */ = {isa = PBXBuildFile; fileRef = D78F4AEE1D60BEAF00012A69 /* CAXException.swift */; };
		D78F4AF81D60BF3300012A69 /* FFTHelper.swift in Sources */ = {isa = PBXBuildFile; fileRef = D78F4AF51D60BF3300012A69 /* FFTHelper.swift */; };
		D78F4AFC1D60C01A00012A69 /* AudioController.swift in Sources */ = {isa = PBXBuildFile; fileRef = D78F4AF91D60C01A00012A69 /* AudioController.swift */; };
		D78F4AFD1D60C01A00012A69 /* aurioTouchAppDelegate.swift in Sources */ = {isa = PBXBuildFile; fileRef = D78F4AFA1D60C01A00012A69 /* aurioTouchAppDelegate.swift */; };
		D78F4AFE1D60C01A00012A69 /* EAGLView.swift in Sources */ = {isa = PBXBuildFile; fileRef = D78F4AFB1D60C01A00012A69 /* EAGLView.swift */; };
		D78F4AFF1D60C05500012A69 /* BufferManager.swift in Sources */ = {isa = PBXBuildFile; fileRef = D78F4AF31D60BF3300012A69 /* BufferManager.swift */; };
		D79AEF1C1D60C37E00584688 /* DCRejectionFilter.swift in Sources */ = {isa = PBXBuildFile; fileRef = D79AEF1B1D60C37E00584688 /* DCRejectionFilter.swift */; };
		F7CF73110EB1258D0099AA71 /* sonogram.png in Resources */ = {isa = PBXBuildFile; fileRef = F7CF73100EB1258D0099AA71 /* sonogram.png */; };
		F7CF73160EB126740099AA71 /* fft_off.png in Resources */ = {isa = PBXBuildFile; fileRef = F7CF73120EB126740099AA71 /* fft_off.png */; };
		F7CF73170EB126740099AA71 /* fft_on.png in Resources */ = {isa = PBXBuildFile; fileRef = F7CF73130EB126740099AA71 /* fft_on.png */; };
		F7CF73180EB126740099AA71 /* mute_off.png in Resources */ = {isa = PBXBuildFile; fileRef = F7CF73140EB126740099AA71 /* mute_off.png */; };
		F7CF73190EB126740099AA71 /* mute_on.png in Resources */ = {isa = PBXBuildFile; fileRef = F7CF73150EB126740099AA71 /* mute_on.png */; };
		F7DF06DE0DF4AD57005687F5 /* button_press.caf in Resources */ = {isa = PBXBuildFile; fileRef = F7DF06DC0DF4AD57005687F5 /* button_press.caf */; };
		F7E58EDA0DCFD988006C4A2F /* AudioToolbox.framework in Frameworks */ = {isa = PBXBuildFile; fileRef = F7E58ED90DCFD988006C4A2F /* AudioToolbox.framework */; };
/* End PBXBuildFile section */

/* Begin PBXFileReference section */
		1D30AB110D05D00D00671497 /* Foundation.framework */ = {isa = PBXFileReference; lastKnownFileType = wrapper.framework; name = Foundation.framework; path = System/Library/Frameworks/Foundation.framework; sourceTree = SDKROOT; };
		1D3623EB0D0F72F000981E51 /* CoreGraphics.framework */ = {isa = PBXFileReference; lastKnownFileType = wrapper.framework; name = CoreGraphics.framework; path = System/Library/Frameworks/CoreGraphics.framework; sourceTree = SDKROOT; };
		1D6058910D05DD3D006BFB54 /* aurioTouch.app */ = {isa = PBXFileReference; explicitFileType = wrapper.application; includeInIndex = 0; path = aurioTouch.app; sourceTree = BUILT_PRODUCTS_DIR; };
		1DF5F4DF0D08C38300B7A737 /* UIKit.framework */ = {isa = PBXFileReference; lastKnownFileType = wrapper.framework; name = UIKit.framework; path = System/Library/Frameworks/UIKit.framework; sourceTree = SDKROOT; };
		2B40B59318873E0600F4A921 /* Default-568h@2x.png */ = {isa = PBXFileReference; lastKnownFileType = image.png; name = "Default-568h@2x.png"; path = "../Default-568h@2x.png"; sourceTree = "<group>"; };
		2B71304618EB80A800DA9374 /* AVFoundation.framework */ = {isa = PBXFileReference; lastKnownFileType = wrapper.framework; name = AVFoundation.framework; path = System/Library/Frameworks/AVFoundation.framework; sourceTree = SDKROOT; };
		2B869E111D51590F00995BDC /* ReadMe.md */ = {isa = PBXFileReference; fileEncoding = 4; lastKnownFileType = net.daringfireball.markdown; path = ReadMe.md; sourceTree = "<group>"; };
		2B86B2B118F35C2300347397 /* en */ = {isa = PBXFileReference; lastKnownFileType = file.xib; name = en; path = en.lproj/MainWindow.xib; sourceTree = SOURCE_ROOT; };
		8250CD56145B602D00806437 /* Accelerate.framework */ = {isa = PBXFileReference; lastKnownFileType = wrapper.framework; name = Accelerate.framework; path = System/Library/Frameworks/Accelerate.framework; sourceTree = SDKROOT; };
		8D1107310486CEB800E47090 /* Info.plist */ = {isa = PBXFileReference; fileEncoding = 4; lastKnownFileType = text.plist.xml; name = Info.plist; path = ../Info.plist; sourceTree = "<group>"; };
		A15CFB1C0DE4A8C600FB5D08 /* icon.png */ = {isa = PBXFileReference; lastKnownFileType = image.png; name = icon.png; path = ../icon.png; sourceTree = "<group>"; };
		A16C47110DE37F9E00F4A0B3 /* OpenGLES.framework */ = {isa = PBXFileReference; lastKnownFileType = wrapper.framework; name = OpenGLES.framework; path = System/Library/Frameworks/OpenGLES.framework; sourceTree = SDKROOT; };
		A16C473E0DE3801700F4A0B3 /* QuartzCore.framework */ = {isa = PBXFileReference; lastKnownFileType = wrapper.framework; name = QuartzCore.framework; path = System/Library/Frameworks/QuartzCore.framework; sourceTree = SDKROOT; };
		A16C48350DE389CB00F4A0B3 /* oscilloscope.png */ = {isa = PBXFileReference; lastKnownFileType = image.png; path = oscilloscope.png; sourceTree = "<group>"; };
		D78F4AE51D60BE7000012A69 /* GenericArithmetic.swift */ = {isa = PBXFileReference; fileEncoding = 4; lastKnownFileType = sourcecode.swift; path = GenericArithmetic.swift; sourceTree = "<group>"; };
		D78F4AE61D60BE7000012A69 /* NumTypes+Conversion.swift */ = {isa = PBXFileReference; fileEncoding = 4; lastKnownFileType = sourcecode.swift; path = "NumTypes+Conversion.swift"; sourceTree = "<group>"; };
		D78F4AE71D60BE7000012A69 /* OOPExceptions.swift */ = {isa = PBXFileReference; fileEncoding = 4; lastKnownFileType = sourcecode.swift; path = OOPExceptions.swift; sourceTree = "<group>"; };
		D78F4AEB1D60BEAF00012A69 /* CABitOperations.swift */ = {isa = PBXFileReference; fileEncoding = 4; lastKnownFileType = sourcecode.swift; path = CABitOperations.swift; sourceTree = "<group>"; };
		D78F4AEC1D60BEAF00012A69 /* CADebugMacros.swift */ = {isa = PBXFileReference; fileEncoding = 4; lastKnownFileType = sourcecode.swift; path = CADebugMacros.swift; sourceTree = "<group>"; };
		D78F4AED1D60BEAF00012A69 /* CAStreamBasicDescription.swift */ = {isa = PBXFileReference; fileEncoding = 4; lastKnownFileType = sourcecode.swift; path = CAStreamBasicDescription.swift; sourceTree = "<group>"; };
		D78F4AEE1D60BEAF00012A69 /* CAXException.swift */ = {isa = PBXFileReference; fileEncoding = 4; lastKnownFileType = sourcecode.swift; path = CAXException.swift; sourceTree = "<group>"; };
		D78F4AF31D60BF3300012A69 /* BufferManager.swift */ = {isa = PBXFileReference; fileEncoding = 4; lastKnownFileType = sourcecode.swift; path = BufferManager.swift; sourceTree = "<group>"; };
		D78F4AF51D60BF3300012A69 /* FFTHelper.swift */ = {isa = PBXFileReference; fileEncoding = 4; lastKnownFileType = sourcecode.swift; path = FFTHelper.swift; sourceTree = "<group>"; };
		D78F4AF91D60C01A00012A69 /* AudioController.swift */ = {isa = PBXFileReference; fileEncoding = 4; lastKnownFileType = sourcecode.swift; path = AudioController.swift; sourceTree = "<group>"; };
		D78F4AFA1D60C01A00012A69 /* aurioTouchAppDelegate.swift */ = {isa = PBXFileReference; fileEncoding = 4; lastKnownFileType = sourcecode.swift; path = aurioTouchAppDelegate.swift; sourceTree = "<group>"; };
		D78F4AFB1D60C01A00012A69 /* EAGLView.swift */ = {isa = PBXFileReference; fileEncoding = 4; lastKnownFileType = sourcecode.swift; path = EAGLView.swift; sourceTree = "<group>"; };
		D79AEF171D60C2F200584688 /* README2.md */ = {isa = PBXFileReference; fileEncoding = 4; lastKnownFileType = net.daringfireball.markdown; path = README2.md; sourceTree = "<group>"; };
		D79AEF181D60C2F200584688 /* LICENSE.txt */ = {isa = PBXFileReference; fileEncoding = 4; lastKnownFileType = text; path = LICENSE.txt; sourceTree = "<group>"; };
		D79AEF1B1D60C37E00584688 /* DCRejectionFilter.swift */ = {isa = PBXFileReference; fileEncoding = 4; lastKnownFileType = sourcecode.swift; path = DCRejectionFilter.swift; sourceTree = "<group>"; };
		F7CF73100EB1258D0099AA71 /* sonogram.png */ = {isa = PBXFileReference; lastKnownFileType = image.png; path = sonogram.png; sourceTree = "<group>"; };
		F7CF73120EB126740099AA71 /* fft_off.png */ = {isa = PBXFileReference; lastKnownFileType = image.png; path = fft_off.png; sourceTree = "<group>"; };
		F7CF73130EB126740099AA71 /* fft_on.png */ = {isa = PBXFileReference; lastKnownFileType = image.png; path = fft_on.png; sourceTree = "<group>"; };
		F7CF73140EB126740099AA71 /* mute_off.png */ = {isa = PBXFileReference; lastKnownFileType = image.png; path = mute_off.png; sourceTree = "<group>"; };
		F7CF73150EB126740099AA71 /* mute_on.png */ = {isa = PBXFileReference; lastKnownFileType = image.png; path = mute_on.png; sourceTree = "<group>"; };
		F7DF06DC0DF4AD57005687F5 /* button_press.caf */ = {isa = PBXFileReference; lastKnownFileType = file; path = button_press.caf; sourceTree = "<group>"; };
		F7E58ED90DCFD988006C4A2F /* AudioToolbox.framework */ = {isa = PBXFileReference; lastKnownFileType = wrapper.framework; name = AudioToolbox.framework; path = System/Library/Frameworks/AudioToolbox.framework; sourceTree = SDKROOT; };
/* End PBXFileReference section */

/* Begin PBXFrameworksBuildPhase section */
		1D60588F0D05DD3D006BFB54 /* Frameworks */ = {
			isa = PBXFrameworksBuildPhase;
			buildActionMask = 2147483647;
			files = (
				2B71304718EB80A800DA9374 /* AVFoundation.framework in Frameworks */,
				8250CD57145B602D00806437 /* Accelerate.framework in Frameworks */,
				1D60589F0D05DD5A006BFB54 /* Foundation.framework in Frameworks */,
				1DF5F4E00D08C38300B7A737 /* UIKit.framework in Frameworks */,
				1D3623EC0D0F72F000981E51 /* CoreGraphics.framework in Frameworks */,
				F7E58EDA0DCFD988006C4A2F /* AudioToolbox.framework in Frameworks */,
				A16C47120DE37F9E00F4A0B3 /* OpenGLES.framework in Frameworks */,
				A16C473F0DE3801700F4A0B3 /* QuartzCore.framework in Frameworks */,
			);
			runOnlyForDeploymentPostprocessing = 0;
		};
/* End PBXFrameworksBuildPhase section */

/* Begin PBXGroup section */
		080E96DDFE201D6D7F000001 /* Classes */ = {
			isa = PBXGroup;
			children = (
				D79AEF1B1D60C37E00584688 /* DCRejectionFilter.swift */,
				D78F4AFB1D60C01A00012A69 /* EAGLView.swift */,
				D78F4AFA1D60C01A00012A69 /* aurioTouchAppDelegate.swift */,
				D78F4AF91D60C01A00012A69 /* AudioController.swift */,
				D78F4AF31D60BF3300012A69 /* BufferManager.swift */,
				D78F4AF51D60BF3300012A69 /* FFTHelper.swift */,
			);
			path = Classes;
			sourceTree = "<group>";
		};
		19C28FACFE9D520D11CA2CBB /* Products */ = {
			isa = PBXGroup;
			children = (
				1D6058910D05DD3D006BFB54 /* aurioTouch.app */,
			);
			name = Products;
			sourceTree = "<group>";
		};
		29B97314FDCFA39411CA2CEA /* CustomTemplate */ = {
			isa = PBXGroup;
			children = (
				D79AEF171D60C2F200584688 /* README2.md */,
				D79AEF181D60C2F200584688 /* LICENSE.txt */,
				2B869E111D51590F00995BDC /* ReadMe.md */,
				080E96DDFE201D6D7F000001 /* Classes */,
				29B97315FDCFA39411CA2CEA /* Other Sources */,
				29B97317FDCFA39411CA2CEA /* Resources */,
				29B97323FDCFA39411CA2CEA /* Frameworks */,
				19C28FACFE9D520D11CA2CBB /* Products */,
			);
			name = CustomTemplate;
			sourceTree = "<group>";
		};
		29B97315FDCFA39411CA2CEA /* Other Sources */ = {
			isa = PBXGroup;
			children = (
				F74ADD0E0DDA24AA0046BEC2 /* PublicUtility */,
				D78F4AE41D60BE7000012A69 /* OOPUtils */,
			);
			name = "Other Sources";
			sourceTree = "<group>";
		};
		29B97317FDCFA39411CA2CEA /* Resources */ = {
			isa = PBXGroup;
			children = (
				2B86B2B018F35C2300347397 /* MainWindow.xib */,
				F7D3FD760FD49018003CBAE4 /* audio */,
				F7D3FD800FD49094003CBAE4 /* images */,
				2B40B59318873E0600F4A921 /* Default-568h@2x.png */,
				A15CFB1C0DE4A8C600FB5D08 /* icon.png */,
				8D1107310486CEB800E47090 /* Info.plist */,
			);
			path = Resources;
			sourceTree = "<group>";
		};
		29B97323FDCFA39411CA2CEA /* Frameworks */ = {
			isa = PBXGroup;
			children = (
				2B71304618EB80A800DA9374 /* AVFoundation.framework */,
				8250CD56145B602D00806437 /* Accelerate.framework */,
				A16C473E0DE3801700F4A0B3 /* QuartzCore.framework */,
				A16C47110DE37F9E00F4A0B3 /* OpenGLES.framework */,
				F7E58ED90DCFD988006C4A2F /* AudioToolbox.framework */,
				1D3623EB0D0F72F000981E51 /* CoreGraphics.framework */,
				1DF5F4DF0D08C38300B7A737 /* UIKit.framework */,
				1D30AB110D05D00D00671497 /* Foundation.framework */,
			);
			name = Frameworks;
			sourceTree = "<group>";
		};
		D78F4AE41D60BE7000012A69 /* OOPUtils */ = {
			isa = PBXGroup;
			children = (
				D78F4AE51D60BE7000012A69 /* GenericArithmetic.swift */,
				D78F4AE61D60BE7000012A69 /* NumTypes+Conversion.swift */,
				D78F4AE71D60BE7000012A69 /* OOPExceptions.swift */,
			);
			path = OOPUtils;
			sourceTree = "<group>";
		};
		F74ADD0E0DDA24AA0046BEC2 /* PublicUtility */ = {
			isa = PBXGroup;
			children = (
				D78F4AEB1D60BEAF00012A69 /* CABitOperations.swift */,
				D78F4AEC1D60BEAF00012A69 /* CADebugMacros.swift */,
				D78F4AEE1D60BEAF00012A69 /* CAXException.swift */,
				D78F4AED1D60BEAF00012A69 /* CAStreamBasicDescription.swift */,
			);
			path = PublicUtility;
			sourceTree = "<group>";
		};
		F7D3FD760FD49018003CBAE4 /* audio */ = {
			isa = PBXGroup;
			children = (
				F7DF06DC0DF4AD57005687F5 /* button_press.caf */,
			);
			path = audio;
			sourceTree = "<group>";
		};
		F7D3FD800FD49094003CBAE4 /* images */ = {
			isa = PBXGroup;
			children = (
				F7CF73120EB126740099AA71 /* fft_off.png */,
				F7CF73130EB126740099AA71 /* fft_on.png */,
				F7CF73140EB126740099AA71 /* mute_off.png */,
				F7CF73150EB126740099AA71 /* mute_on.png */,
				A16C48350DE389CB00F4A0B3 /* oscilloscope.png */,
				F7CF73100EB1258D0099AA71 /* sonogram.png */,
			);
			path = images;
			sourceTree = "<group>";
		};
/* End PBXGroup section */

/* Begin PBXNativeTarget section */
		1D6058900D05DD3D006BFB54 /* aurioTouch */ = {
			isa = PBXNativeTarget;
			buildConfigurationList = 1D6058960D05DD3E006BFB54 /* Build configuration list for PBXNativeTarget "aurioTouch" */;
			buildPhases = (
				1D60588D0D05DD3D006BFB54 /* Resources */,
				1D60588E0D05DD3D006BFB54 /* Sources */,
				1D60588F0D05DD3D006BFB54 /* Frameworks */,
			);
			buildRules = (
			);
			dependencies = (
			);
			name = aurioTouch;
			productName = aurioTouch;
			productReference = 1D6058910D05DD3D006BFB54 /* aurioTouch.app */;
			productType = "com.apple.product-type.application";
		};
/* End PBXNativeTarget section */

/* Begin PBXProject section */
		29B97313FDCFA39411CA2CEA /* Project object */ = {
			isa = PBXProject;
			attributes = {
				LastUpgradeCheck = 0800;
				TargetAttributes = {
					1D6058900D05DD3D006BFB54 = {
						LastSwiftMigration = 0800;
					};
				};
			};
			buildConfigurationList = C01FCF4E08A954540054247B /* Build configuration list for PBXProject "aurioTouch" */;
			compatibilityVersion = "Xcode 6.3";
			developmentRegion = English;
			hasScannedForEncodings = 1;
			knownRegions = (
				English,
				Japanese,
				French,
				German,
				en,
			);
			mainGroup = 29B97314FDCFA39411CA2CEA /* CustomTemplate */;
			projectDirPath = "";
			projectRoot = "";
			targets = (
				1D6058900D05DD3D006BFB54 /* aurioTouch */,
			);
		};
/* End PBXProject section */

/* Begin PBXResourcesBuildPhase section */
		1D60588D0D05DD3D006BFB54 /* Resources */ = {
			isa = PBXResourcesBuildPhase;
			buildActionMask = 2147483647;
			files = (
				A16C48360DE389CB00F4A0B3 /* oscilloscope.png in Resources */,
				A15CFB1D0DE4A8C600FB5D08 /* icon.png in Resources */,
				2B40B59418873E0600F4A921 /* Default-568h@2x.png in Resources */,
				F7DF06DE0DF4AD57005687F5 /* button_press.caf in Resources */,
				F7CF73110EB1258D0099AA71 /* sonogram.png in Resources */,
				F7CF73160EB126740099AA71 /* fft_off.png in Resources */,
				2B86B2B218F35C2300347397 /* MainWindow.xib in Resources */,
				F7CF73170EB126740099AA71 /* fft_on.png in Resources */,
				F7CF73180EB126740099AA71 /* mute_off.png in Resources */,
				F7CF73190EB126740099AA71 /* mute_on.png in Resources */,
			);
			runOnlyForDeploymentPostprocessing = 0;
		};
/* End PBXResourcesBuildPhase section */

/* Begin PBXSourcesBuildPhase section */
		1D60588E0D05DD3D006BFB54 /* Sources */ = {
			isa = PBXSourcesBuildPhase;
			buildActionMask = 2147483647;
			files = (
				D78F4AFE1D60C01A00012A69 /* EAGLView.swift in Sources */,
				D78F4AF11D60BEAF00012A69 /* CAStreamBasicDescription.swift in Sources */,
				D78F4AFC1D60C01A00012A69 /* AudioController.swift in Sources */,
				D78F4AE91D60BE7000012A69 /* NumTypes+Conversion.swift in Sources */,
				D78F4AF21D60BEAF00012A69 /* CAXException.swift in Sources */,
				D78F4AFD1D60C01A00012A69 /* aurioTouchAppDelegate.swift in Sources */,
				D78F4AE81D60BE7000012A69 /* GenericArithmetic.swift in Sources */,
				D78F4AF81D60BF3300012A69 /* FFTHelper.swift in Sources */,
				D78F4AFF1D60C05500012A69 /* BufferManager.swift in Sources */,
				D78F4AEF1D60BEAF00012A69 /* CABitOperations.swift in Sources */,
				D79AEF1C1D60C37E00584688 /* DCRejectionFilter.swift in Sources */,
				D78F4AEA1D60BE7000012A69 /* OOPExceptions.swift in Sources */,
				D78F4AF01D60BEAF00012A69 /* CADebugMacros.swift in Sources */,
			);
			runOnlyForDeploymentPostprocessing = 0;
		};
/* End PBXSourcesBuildPhase section */

/* Begin PBXVariantGroup section */
		2B86B2B018F35C2300347397 /* MainWindow.xib */ = {
			isa = PBXVariantGroup;
			children = (
				2B86B2B118F35C2300347397 /* en */,
			);
			name = MainWindow.xib;
			path = images;
			sourceTree = "<group>";
		};
/* End PBXVariantGroup section */

/* Begin XCBuildConfiguration section */
		1D6058940D05DD3E006BFB54 /* Debug */ = {
			isa = XCBuildConfiguration;
			buildSettings = {
				ALWAYS_SEARCH_USER_PATHS = NO;
				CLANG_ENABLE_MODULES = YES;
				COPY_PHASE_STRIP = NO;
				GCC_DYNAMIC_NO_PIC = NO;
				GCC_OPTIMIZATION_LEVEL = 0;
				GCC_PRECOMPILE_PREFIX_HEADER = YES;
				GCC_PREFIX_HEADER = aurioTouch_Prefix.pch;
				INFOPLIST_FILE = Info.plist;
				LD_RUNPATH_SEARCH_PATHS = "$(inherited) @executable_path/Frameworks";
				PRODUCT_BUNDLE_IDENTIFIER = "com.example.apple-sample.${PRODUCT_NAME:rfc1034identifier}";
				PRODUCT_NAME = aurioTouch;
				SDKROOT = iphoneos.internal;
				SWIFT_OPTIMIZATION_LEVEL = "-Onone";
				SWIFT_VERSION = 3.0;
			};
			name = Debug;
		};
		1D6058950D05DD3E006BFB54 /* Release */ = {
			isa = XCBuildConfiguration;
			buildSettings = {
				ALWAYS_SEARCH_USER_PATHS = NO;
				CLANG_ENABLE_MODULES = YES;
				COPY_PHASE_STRIP = YES;
				GCC_PRECOMPILE_PREFIX_HEADER = YES;
				GCC_PREFIX_HEADER = aurioTouch_Prefix.pch;
				INFOPLIST_FILE = Info.plist;
				LD_RUNPATH_SEARCH_PATHS = "$(inherited) @executable_path/Frameworks";
				PRODUCT_BUNDLE_IDENTIFIER = "com.example.apple-sample.${PRODUCT_NAME:rfc1034identifier}";
				PRODUCT_NAME = aurioTouch;
				SDKROOT = iphoneos.internal;
				SWIFT_OPTIMIZATION_LEVEL = "-Owholemodule";
				SWIFT_VERSION = 3.0;
			};
			name = Release;
		};
		C01FCF4F08A954540054247B /* Debug */ = {
			isa = XCBuildConfiguration;
			buildSettings = {
				CLANG_ANALYZER_LOCALIZABILITY_NONLOCALIZED = YES;
				CLANG_WARN_BOOL_CONVERSION = YES;
				CLANG_WARN_CONSTANT_CONVERSION = YES;
				CLANG_WARN_EMPTY_BODY = YES;
				CLANG_WARN_ENUM_CONVERSION = YES;
				CLANG_WARN_INFINITE_RECURSION = YES;
				CLANG_WARN_INT_CONVERSION = YES;
				CLANG_WARN_SUSPICIOUS_MOVE = YES;
				CLANG_WARN_UNREACHABLE_CODE = YES;
				CLANG_WARN__DUPLICATE_METHOD_MATCH = YES;
				CODE_SIGN_IDENTITY = "iPhone Developer";
				ENABLE_STRICT_OBJC_MSGSEND = YES;
				ENABLE_TESTABILITY = YES;
				GCC_C_LANGUAGE_STANDARD = c99;
				GCC_NO_COMMON_BLOCKS = YES;
				GCC_OPTIMIZATION_LEVEL = 0;
				GCC_THUMB_SUPPORT = NO;
				GCC_WARN_64_TO_32_BIT_CONVERSION = YES;
				GCC_WARN_ABOUT_MISSING_FIELD_INITIALIZERS = YES;
				GCC_WARN_ABOUT_RETURN_TYPE = YES;
				GCC_WARN_INITIALIZER_NOT_FULLY_BRACKETED = YES;
				GCC_WARN_MULTIPLE_DEFINITION_TYPES_FOR_SELECTOR = YES;
				GCC_WARN_SHADOW = YES;
				GCC_WARN_SIGN_COMPARE = YES;
				GCC_WARN_UNDECLARED_SELECTOR = YES;
				GCC_WARN_UNINITIALIZED_AUTOS = YES;
				GCC_WARN_UNUSED_FUNCTION = YES;
				GCC_WARN_UNUSED_LABEL = YES;
				GCC_WARN_UNUSED_VARIABLE = YES;
				IPHONEOS_DEPLOYMENT_TARGET = 9.0;
				ONLY_ACTIVE_ARCH = YES;
				RUN_CLANG_STATIC_ANALYZER = YES;
				SDKROOT = iphoneos;
			};
			name = Debug;
		};
		C01FCF5008A954540054247B /* Release */ = {
			isa = XCBuildConfiguration;
			buildSettings = {
				CLANG_ANALYZER_LOCALIZABILITY_NONLOCALIZED = YES;
				CLANG_WARN_BOOL_CONVERSION = YES;
				CLANG_WARN_CONSTANT_CONVERSION = YES;
				CLANG_WARN_EMPTY_BODY = YES;
				CLANG_WARN_ENUM_CONVERSION = YES;
				CLANG_WARN_INFINITE_RECURSION = YES;
				CLANG_WARN_INT_CONVERSION = YES;
				CLANG_WARN_SUSPICIOUS_MOVE = YES;
				CLANG_WARN_UNREACHABLE_CODE = YES;
				CLANG_WARN__DUPLICATE_METHOD_MATCH = YES;
				CODE_SIGN_IDENTITY = "iPhone Developer";
				ENABLE_STRICT_OBJC_MSGSEND = YES;
				GCC_C_LANGUAGE_STANDARD = c99;
				GCC_NO_COMMON_BLOCKS = YES;
				GCC_THUMB_SUPPORT = NO;
				GCC_WARN_64_TO_32_BIT_CONVERSION = YES;
				GCC_WARN_ABOUT_MISSING_FIELD_INITIALIZERS = YES;
				GCC_WARN_ABOUT_RETURN_TYPE = YES;
				GCC_WARN_INITIALIZER_NOT_FULLY_BRACKETED = YES;
				GCC_WARN_MULTIPLE_DEFINITION_TYPES_FOR_SELECTOR = YES;
				GCC_WARN_SHADOW = YES;
				GCC_WARN_SIGN_COMPARE = YES;
				GCC_WARN_UNDECLARED_SELECTOR = YES;
				GCC_WARN_UNINITIALIZED_AUTOS = YES;
				GCC_WARN_UNUSED_FUNCTION = YES;
				GCC_WARN_UNUSED_LABEL = YES;
				GCC_WARN_UNUSED_VARIABLE = YES;
				IPHONEOS_DEPLOYMENT_TARGET = 9.0;
				RUN_CLANG_STATIC_ANALYZER = YES;
				SDKROOT = iphoneos;
			};
			name = Release;
		};
/* End XCBuildConfiguration section */

/* Begin XCConfigurationList section */
		1D6058960D05DD3E006BFB54 /* Build configuration list for PBXNativeTarget "aurioTouch" */ = {
			isa = XCConfigurationList;
			buildConfigurations = (
				1D6058940D05DD3E006BFB54 /* Debug */,
				1D6058950D05DD3E006BFB54 /* Release */,
			);
			defaultConfigurationIsVisible = 0;
			defaultConfigurationName = Release;
		};
		C01FCF4E08A954540054247B /* Build configuration list for PBXProject "aurioTouch" */ = {
			isa = XCConfigurationList;
			buildConfigurations = (
				C01FCF4F08A954540054247B /* Debug */,
				C01FCF5008A954540054247B /* Release */,
			);
			defaultConfigurationIsVisible = 0;
			defaultConfigurationName = Release;
		};
/* End XCConfigurationList section */
	};
	rootObject = 29B97313FDCFA39411CA2CEA /* Project object */;
}
